
Microsoft Visual Studio Solution File, Format Version 12.00
# Visual Studio Version 16
VisualStudioVersion = 25.0.1706.14
MinimumVisualStudioVersion = 10.0.40219.1
Project("{FAE04EC0-301F-11D3-BF4B-00C04F79EFBC}") = "Api", "Api\Api.csproj", "{3A1739EB-07DD-44D4-94DA-C4CEA272BE46}"
EndProject
Project("{FAE04EC0-301F-11D3-BF4B-00C04F79EFBC}") = "Application", "Application\Application.csproj", "{1187BA58-1C71-485F-A940-A6810A9C122C}"
EndProject
Project("{FAE04EC0-301F-11D3-BF4B-00C04F79EFBC}") = "Domain", "Domain\Domain.csproj", "{01779AB6-CA9D-4F97-AA25-AE71719BCCDB}"
EndProject
Project("{FAE04EC0-301F-11D3-BF4B-00C04F79EFBC}") = "Infrastructure", "Infrastructure\Infrastructure.csproj", "{627EAF4A-EBC5-44BF-A5AC-15D24D9AB9DA}"
EndProject
Project("{FAE04EC0-301F-11D3-BF4B-00C04F79EFBC}") = "Tests", "Tests\Tests.csproj", "{D3BAA68E-048A-475F-A94E-97CB7307DCC5}"
EndProject
Global
	GlobalSection(SolutionConfigurationPlatforms) = preSolution
		Debug|Any CPU = Debug|Any CPU
		Release|Any CPU = Release|Any CPU
	EndGlobalSection
	GlobalSection(ProjectConfigurationPlatforms) = postSolution
		{3A1739EB-07DD-44D4-94DA-C4CEA272BE46}.Debug|Any CPU.ActiveCfg = Debug|Any CPU
		{3A1739EB-07DD-44D4-94DA-C4CEA272BE46}.Debug|Any CPU.Build.0 = Debug|Any CPU
		{3A1739EB-07DD-44D4-94DA-C4CEA272BE46}.Release|Any CPU.ActiveCfg = Release|Any CPU
		{3A1739EB-07DD-44D4-94DA-C4CEA272BE46}.Release|Any CPU.Build.0 = Release|Any CPU
		{1187BA58-1C71-485F-A940-A6810A9C122C}.Debug|Any CPU.ActiveCfg = Debug|Any CPU
		{1187BA58-1C71-485F-A940-A6810A9C122C}.Debug|Any CPU.Build.0 = Debug|Any CPU
		{1187BA58-1C71-485F-A940-A6810A9C122C}.Release|Any CPU.ActiveCfg = Release|Any CPU
		{1187BA58-1C71-485F-A940-A6810A9C122C}.Release|Any CPU.Build.0 = Release|Any CPU
		{01779AB6-CA9D-4F97-AA25-AE71719BCCDB}.Debug|Any CPU.ActiveCfg = Debug|Any CPU
		{01779AB6-CA9D-4F97-AA25-AE71719BCCDB}.Debug|Any CPU.Build.0 = Debug|Any CPU
		{01779AB6-CA9D-4F97-AA25-AE71719BCCDB}.Release|Any CPU.ActiveCfg = Release|Any CPU
		{01779AB6-CA9D-4F97-AA25-AE71719BCCDB}.Release|Any CPU.Build.0 = Release|Any CPU
		{627EAF4A-EBC5-44BF-A5AC-15D24D9AB9DA}.Debug|Any CPU.ActiveCfg = Debug|Any CPU
		{627EAF4A-EBC5-44BF-A5AC-15D24D9AB9DA}.Debug|Any CPU.Build.0 = Debug|Any CPU
		{627EAF4A-EBC5-44BF-A5AC-15D24D9AB9DA}.Release|Any CPU.ActiveCfg = Release|Any CPU
		{627EAF4A-EBC5-44BF-A5AC-15D24D9AB9DA}.Release|Any CPU.Build.0 = Release|Any CPU
		{D3BAA68E-048A-475F-A94E-97CB7307DCC5}.Debug|Any CPU.ActiveCfg = Debug|Any CPU
		{D3BAA68E-048A-475F-A94E-97CB7307DCC5}.Debug|Any CPU.Build.0 = Debug|Any CPU
		{D3BAA68E-048A-475F-A94E-97CB7307DCC5}.Release|Any CPU.ActiveCfg = Release|Any CPU
		{D3BAA68E-048A-475F-A94E-97CB7307DCC5}.Release|Any CPU.Build.0 = Release|Any CPU
	EndGlobalSection
	GlobalSection(SolutionProperties) = preSolution
		HideSolutionNode = FALSE
	EndGlobalSection
	GlobalSection(ExtensibilityGlobals) = postSolution
		SolutionGuid = {FF34C7D6-391E-4795-A10E-06CE46DE48BB}
	EndGlobalSection
EndGlobal
